
Microsoft Visual Studio Solution File, Format Version 12.00
# Visual Studio Version 16
VisualStudioVersion = 16.0.28803.202
MinimumVisualStudioVersion = 10.0.40219.1
Project("{9A19103F-16F7-4668-BE54-9A1E7A4F7556}") = "AspNetCoreTodo", "AspNetCoreTodo.csproj", "{40D189AE-4D2B-4379-8B01-7F3C3549C257}"
EndProject
Project("{FAE04EC0-301F-11D3-BF4B-00C04F79EFBC}") = "Service", "..\Service\Service.csproj", "{503021C6-63D0-48E0-A8C7-A172DD1A921F}"
EndProject
Global
	GlobalSection(SolutionConfigurationPlatforms) = preSolution
		Debug|Any CPU = Debug|Any CPU
		Release|Any CPU = Release|Any CPU
	EndGlobalSection
	GlobalSection(ProjectConfigurationPlatforms) = postSolution
		{40D189AE-4D2B-4379-8B01-7F3C3549C257}.Debug|Any CPU.ActiveCfg = Debug|Any CPU
		{40D189AE-4D2B-4379-8B01-7F3C3549C257}.Debug|Any CPU.Build.0 = Debug|Any CPU
		{40D189AE-4D2B-4379-8B01-7F3C3549C257}.Release|Any CPU.ActiveCfg = Release|Any CPU
		{40D189AE-4D2B-4379-8B01-7F3C3549C257}.Release|Any CPU.Build.0 = Release|Any CPU
		{503021C6-63D0-48E0-A8C7-A172DD1A921F}.Debug|Any CPU.ActiveCfg = Debug|Any CPU
		{503021C6-63D0-48E0-A8C7-A172DD1A921F}.Debug|Any CPU.Build.0 = Debug|Any CPU
		{503021C6-63D0-48E0-A8C7-A172DD1A921F}.Release|Any CPU.ActiveCfg = Release|Any CPU
		{503021C6-63D0-48E0-A8C7-A172DD1A921F}.Release|Any CPU.Build.0 = Release|Any CPU
	EndGlobalSection
	GlobalSection(SolutionProperties) = preSolution
		HideSolutionNode = FALSE
	EndGlobalSection
	GlobalSection(ExtensibilityGlobals) = postSolution
		SolutionGuid = {0EF29885-1E39-408B-B9F5-27D09DBC2973}
	EndGlobalSection
EndGlobal
